
Microsoft Visual Studio Solution File, Format Version 12.00
# Visual Studio Version 16
VisualStudioVersion = 16.0.33423.256
MinimumVisualStudioVersion = 10.0.40219.1
Project("{FAE04EC0-301F-11D3-BF4B-00C04F79EFBC}") = "TerrariaMultiplayer", "TerrariaMultiplayer.csproj", "{8A36BF06-2EF1-45BD-A966-09978E6F4C37}"
EndProject
Global
	GlobalSection(SolutionConfigurationPlatforms) = preSolution
		Debug|Any CPU = Debug|Any CPU
		Release|Any CPU = Release|Any CPU
		Setup|Any CPU = Setup|Any CPU
	EndGlobalSection
	GlobalSection(ProjectConfigurationPlatforms) = postSolution
		{8A36BF06-2EF1-45BD-A966-09978E6F4C37}.Debug|Any CPU.ActiveCfg = Debug|Any CPU
		{8A36BF06-2EF1-45BD-A966-09978E6F4C37}.Debug|Any CPU.Build.0 = Debug|Any CPU
		{8A36BF06-2EF1-45BD-A966-09978E6F4C37}.Release|Any CPU.ActiveCfg = Release|Any CPU
		{8A36BF06-2EF1-45BD-A966-09978E6F4C37}.Release|Any CPU.Build.0 = Release|Any CPU
		{8A36BF06-2EF1-45BD-A966-09978E6F4C37}.Setup|Any CPU.ActiveCfg = Setup|Any CPU
		{8A36BF06-2EF1-45BD-A966-09978E6F4C37}.Setup|Any CPU.Build.0 = Setup|Any CPU
	EndGlobalSection
	GlobalSection(SolutionProperties) = preSolution
		HideSolutionNode = FALSE
	EndGlobalSection
	GlobalSection(ExtensibilityGlobals) = postSolution
		SolutionGuid = {75524F89-E5F4-4C85-937B-5D867C2194DC}
	EndGlobalSection
EndGlobal
